Microsoft Visual Studio Solution File, Format Version 12.00
Project("{FAE04EC0-0301-11D3-9C6C-00C04F4901B4}") = "MedievalNightmare", "MedievalNightmare.csproj", "{2687D09C-15B3-49AC-8BA6-15D7081CE55C}"
EndProject
Global
	GlobalSection(SolutionConfigurationPlatforms) = preSolution
		Debug|Any CPU = Debug|Any CPU
		ExportDebug|Any CPU = ExportDebug|Any CPU
		ExportRelease|Any CPU = ExportRelease|Any CPU
	EndGlobalSection
	GlobalSection(ProjectConfigurationPlatforms) = postSolution
		{2687D09C-15B3-49AC-8BA6-15D7081CE55C}.Debug|Any CPU.ActiveCfg = Debug|Any CPU
		{2687D09C-15B3-49AC-8BA6-15D7081CE55C}.Debug|Any CPU.Build.0 = Debug|Any CPU
		{2687D09C-15B3-49AC-8BA6-15D7081CE55C}.ExportDebug|Any CPU.ActiveCfg = ExportDebug|Any CPU
		{2687D09C-15B3-49AC-8BA6-15D7081CE55C}.ExportDebug|Any CPU.Build.0 = ExportDebug|Any CPU
		{2687D09C-15B3-49AC-8BA6-15D7081CE55C}.ExportRelease|Any CPU.ActiveCfg = ExportRelease|Any CPU
		{2687D09C-15B3-49AC-8BA6-15D7081CE55C}.ExportRelease|Any CPU.Build.0 = ExportRelease|Any CPU
	EndGlobalSection
EndGlobal
